
Microsoft Visual Studio Solution File, Format Version 12.00
# Visual Studio Version 16
VisualStudioVersion = 16.0.32802.440
MinimumVisualStudioVersion = 10.0.40219.1
Project("{FAE04EC0-301F-11D3-BF4B-00C04F79EFBC}") = "PooHerencia.Consola", "PooHerencia.Consola\PooHerencia.Consola.csproj", "{C5B53FB5-80AB-4879-B1E8-9315F7A08AAA}"
EndProject
Project("{FAE04EC0-301F-11D3-BF4B-00C04F79EFBC}") = "PooHerencia.Entidades", "PooHerencia.Entidades\PooHerencia.Entidades.csproj", "{DBCAFCE6-CD43-465B-8012-0B76E733EAD8}"
EndProject
Project("{FAE04EC0-301F-11D3-BF4B-00C04F79EFBC}") = "PooHerencia.Datos", "PooHerencia.Datos\PooHerencia.Datos.csproj", "{7B320472-9904-4224-AB23-0E1337E5C89B}"
EndProject
Global
	GlobalSection(SolutionConfigurationPlatforms) = preSolution
		Debug|Any CPU = Debug|Any CPU
		Release|Any CPU = Release|Any CPU
	EndGlobalSection
	GlobalSection(ProjectConfigurationPlatforms) = postSolution
		{C5B53FB5-80AB-4879-B1E8-9315F7A08AAA}.Debug|Any CPU.ActiveCfg = Debug|Any CPU
		{C5B53FB5-80AB-4879-B1E8-9315F7A08AAA}.Debug|Any CPU.Build.0 = Debug|Any CPU
		{C5B53FB5-80AB-4879-B1E8-9315F7A08AAA}.Release|Any CPU.ActiveCfg = Release|Any CPU
		{C5B53FB5-80AB-4879-B1E8-9315F7A08AAA}.Release|Any CPU.Build.0 = Release|Any CPU
		{DBCAFCE6-CD43-465B-8012-0B76E733EAD8}.Debug|Any CPU.ActiveCfg = Debug|Any CPU
		{DBCAFCE6-CD43-465B-8012-0B76E733EAD8}.Debug|Any CPU.Build.0 = Debug|Any CPU
		{DBCAFCE6-CD43-465B-8012-0B76E733EAD8}.Release|Any CPU.ActiveCfg = Release|Any CPU
		{DBCAFCE6-CD43-465B-8012-0B76E733EAD8}.Release|Any CPU.Build.0 = Release|Any CPU
		{7B320472-9904-4224-AB23-0E1337E5C89B}.Debug|Any CPU.ActiveCfg = Debug|Any CPU
		{7B320472-9904-4224-AB23-0E1337E5C89B}.Debug|Any CPU.Build.0 = Debug|Any CPU
		{7B320472-9904-4224-AB23-0E1337E5C89B}.Release|Any CPU.ActiveCfg = Release|Any CPU
		{7B320472-9904-4224-AB23-0E1337E5C89B}.Release|Any CPU.Build.0 = Release|Any CPU
	EndGlobalSection
	GlobalSection(SolutionProperties) = preSolution
		HideSolutionNode = FALSE
	EndGlobalSection
	GlobalSection(ExtensibilityGlobals) = postSolution
		SolutionGuid = {25445C9D-B371-49DA-B9BC-A2C9A21F66AC}
	EndGlobalSection
EndGlobal
